// !$*UTF8*$!
{
	archiveVersion = 1;
	classes = {
	};
	objectVersion = 46;
	objects = {

/* Begin PBXBuildFile section */
		514641BC1C09A8C6007C755C /* AppDelegate.swift in Sources */ = {isa = PBXBuildFile; fileRef = 514641BB1C09A8C6007C755C /* AppDelegate.swift */; };
		514641BE1C09A8C6007C755C /* ViewController.swift in Sources */ = {isa = PBXBuildFile; fileRef = 514641BD1C09A8C6007C755C /* ViewController.swift */; };
		514641C11C09A8C6007C755C /* Main.storyboard in Resources */ = {isa = PBXBuildFile; fileRef = 514641BF1C09A8C6007C755C /* Main.storyboard */; };
		514641C31C09A8C6007C755C /* Assets.xcassets in Resources */ = {isa = PBXBuildFile; fileRef = 514641C21C09A8C6007C755C /* Assets.xcassets */; };
		514641C61C09A8C6007C755C /* LaunchScreen.storyboard in Resources */ = {isa = PBXBuildFile; fileRef = 514641C41C09A8C6007C755C /* LaunchScreen.storyboard */; };
		514641CB1C09A8C6007C755C /* watchTest WatchKit App.app in Embed Watch Content */ = {isa = PBXBuildFile; fileRef = 514641CA1C09A8C6007C755C /* watchTest WatchKit App.app */; };
		514641D11C09A8C6007C755C /* Interface.storyboard in Resources */ = {isa = PBXBuildFile; fileRef = 514641CF1C09A8C6007C755C /* Interface.storyboard */; };
		514641D31C09A8C6007C755C /* Assets.xcassets in Resources */ = {isa = PBXBuildFile; fileRef = 514641D21C09A8C6007C755C /* Assets.xcassets */; };
		514641DA1C09A8C6007C755C /* watchTest WatchKit Extension.appex in Embed App Extensions */ = {isa = PBXBuildFile; fileRef = 514641D91C09A8C6007C755C /* watchTest WatchKit Extension.appex */; settings = {ATTRIBUTES = (RemoveHeadersOnCopy, ); }; };
		514641DF1C09A8C6007C755C /* InterfaceController.swift in Sources */ = {isa = PBXBuildFile; fileRef = 514641DE1C09A8C6007C755C /* InterfaceController.swift */; };
		514641E11C09A8C6007C755C /* ExtensionDelegate.swift in Sources */ = {isa = PBXBuildFile; fileRef = 514641E01C09A8C6007C755C /* ExtensionDelegate.swift */; };
		514641E31C09A8C6007C755C /* Assets.xcassets in Resources */ = {isa = PBXBuildFile; fileRef = 514641E21C09A8C6007C755C /* Assets.xcassets */; };
/* End PBXBuildFile section */

/* Begin PBXContainerItemProxy section */
		514641CC1C09A8C6007C755C /* PBXContainerItemProxy */ = {
			isa = PBXContainerItemProxy;
			containerPortal = 514641B01C09A8C5007C755C /* Project object */;
			proxyType = 1;
			remoteGlobalIDString = 514641C91C09A8C6007C755C;
			remoteInfo = "watchTest WatchKit App";
		};
		514641DB1C09A8C6007C755C /* PBXContainerItemProxy */ = {
			isa = PBXContainerItemProxy;
			containerPortal = 514641B01C09A8C5007C755C /* Project object */;
			proxyType = 1;
			remoteGlobalIDString = 514641D81C09A8C6007C755C;
			remoteInfo = "watchTest WatchKit Extension";
		};
/* End PBXContainerItemProxy section */

/* Begin PBXCopyFilesBuildPhase section */
		514641EA1C09A8C6007C755C /* Embed App Extensions */ = {
			isa = PBXCopyFilesBuildPhase;
			buildActionMask = 2147483647;
			dstPath = "";
			dstSubfolderSpec = 13;
			files = (
				514641DA1C09A8C6007C755C /* watchTest WatchKit Extension.appex in Embed App Extensions */,
			);
			name = "Embed App Extensions";
			runOnlyForDeploymentPostprocessing = 0;
		};
		514641EE1C09A8C6007C755C /* Embed Watch Content */ = {
			isa = PBXCopyFilesBuildPhase;
			buildActionMask = 2147483647;
			dstPath = "$(CONTENTS_FOLDER_PATH)/Watch";
			dstSubfolderSpec = 16;
			files = (
				514641CB1C09A8C6007C755C /* watchTest WatchKit App.app in Embed Watch Content */,
			);
			name = "Embed Watch Content";
			runOnlyForDeploymentPostprocessing = 0;
		};
/* End PBXCopyFilesBuildPhase section */

/* Begin PBXFileReference section */
		514641B81C09A8C6007C755C /* watchTest.app */ = {isa = PBXFileReference; explicitFileType = wrapper.application; includeInIndex = 0; path = watchTest.app; sourceTree = BUILT_PRODUCTS_DIR; };
		514641BB1C09A8C6007C755C /* AppDelegate.swift */ = {isa = PBXFileReference; lastKnownFileType = sourcecode.swift; path = AppDelegate.swift; sourceTree = "<group>"; };
		514641BD1C09A8C6007C755C /* ViewController.swift */ = {isa = PBXFileReference; lastKnownFileType = sourcecode.swift; path = ViewController.swift; sourceTree = "<group>"; };
		514641C01C09A8C6007C755C /* Base */ = {isa = PBXFileReference; lastKnownFileType = file.storyboard; name = Base; path = Base.lproj/Main.storyboard; sourceTree = "<group>"; };
		514641C21C09A8C6007C755C /* Assets.xcassets */ = {isa = PBXFileReference; lastKnownFileType = folder.assetcatalog; path = Assets.xcassets; sourceTree = "<group>"; };
		514641C51C09A8C6007C755C /* Base */ = {isa = PBXFileReference; lastKnownFileType = file.storyboard; name = Base; path = Base.lproj/LaunchScreen.storyboard; sourceTree = "<group>"; };
		514641C71C09A8C6007C755C /* Info.plist */ = {isa = PBXFileReference; lastKnownFileType = text.plist.xml; path = Info.plist; sourceTree = "<group>"; };
		514641CA1C09A8C6007C755C /* watchTest WatchKit App.app */ = {isa = PBXFileReference; explicitFileType = wrapper.application; includeInIndex = 0; path = "watchTest WatchKit App.app"; sourceTree = BUILT_PRODUCTS_DIR; };
		514641D01C09A8C6007C755C /* Base */ = {isa = PBXFileReference; lastKnownFileType = file.storyboard; name = Base; path = Base.lproj/Interface.storyboard; sourceTree = "<group>"; };
		514641D21C09A8C6007C755C /* Assets.xcassets */ = {isa = PBXFileReference; lastKnownFileType = folder.assetcatalog; path = Assets.xcassets; sourceTree = "<group>"; };
		514641D41C09A8C6007C755C /* Info.plist */ = {isa = PBXFileReference; lastKnownFileType = text.plist.xml; path = Info.plist; sourceTree = "<group>"; };
		514641D91C09A8C6007C755C /* watchTest WatchKit Extension.appex */ = {isa = PBXFileReference; explicitFileType = "wrapper.app-extension"; includeInIndex = 0; path = "watchTest WatchKit Extension.appex"; sourceTree = BUILT_PRODUCTS_DIR; };
		514641DE1C09A8C6007C755C /* InterfaceController.swift */ = {isa = PBXFileReference; lastKnownFileType = sourcecode.swift; path = InterfaceController.swift; sourceTree = "<group>"; };
		514641E01C09A8C6007C755C /* ExtensionDelegate.swift */ = {isa = PBXFileReference; lastKnownFileType = sourcecode.swift; path = ExtensionDelegate.swift; sourceTree = "<group>"; };
		514641E21C09A8C6007C755C /* Assets.xcassets */ = {isa = PBXFileReference; lastKnownFileType = folder.assetcatalog; path = Assets.xcassets; sourceTree = "<group>"; };
		514641E41C09A8C6007C755C /* Info.plist */ = {isa = PBXFileReference; lastKnownFileType = text.plist.xml; path = Info.plist; sourceTree = "<group>"; };
		514641FA1C09B9A3007C755C /* watchTest WatchKit App-Bridging-Header.h */ = {isa = PBXFileReference; lastKnownFileType = sourcecode.c.h; path = "watchTest WatchKit App-Bridging-Header.h"; sourceTree = "<group>"; };
/* End PBXFileReference section */

/* Begin PBXFrameworksBuildPhase section */
		514641B51C09A8C5007C755C /* Frameworks */ = {
			isa = PBXFrameworksBuildPhase;
			buildActionMask = 2147483647;
			files = (
			);
			runOnlyForDeploymentPostprocessing = 0;
		};
		514641D61C09A8C6007C755C /* Frameworks */ = {
			isa = PBXFrameworksBuildPhase;
			buildActionMask = 2147483647;
			files = (
			);
			runOnlyForDeploymentPostprocessing = 0;
		};
/* End PBXFrameworksBuildPhase section */

/* Begin PBXGroup section */
		514641AF1C09A8C5007C755C = {
			isa = PBXGroup;
			children = (
				514641BA1C09A8C6007C755C /* watchTest */,
				514641CE1C09A8C6007C755C /* watchTest WatchKit App */,
				514641DD1C09A8C6007C755C /* watchTest WatchKit Extension */,
				514641B91C09A8C6007C755C /* Products */,
			);
			sourceTree = "<group>";
		};
		514641B91C09A8C6007C755C /* Products */ = {
			isa = PBXGroup;
			children = (
				514641B81C09A8C6007C755C /* watchTest.app */,
				514641CA1C09A8C6007C755C /* watchTest WatchKit App.app */,
				514641D91C09A8C6007C755C /* watchTest WatchKit Extension.appex */,
			);
			name = Products;
			sourceTree = "<group>";
		};
		514641BA1C09A8C6007C755C /* watchTest */ = {
			isa = PBXGroup;
			children = (
				514641BB1C09A8C6007C755C /* AppDelegate.swift */,
				514641BD1C09A8C6007C755C /* ViewController.swift */,
				514641BF1C09A8C6007C755C /* Main.storyboard */,
				514641C21C09A8C6007C755C /* Assets.xcassets */,
				514641C41C09A8C6007C755C /* LaunchScreen.storyboard */,
				514641C71C09A8C6007C755C /* Info.plist */,
				514641FA1C09B9A3007C755C /* watchTest WatchKit App-Bridging-Header.h */,
			);
			path = watchTest;
			sourceTree = "<group>";
		};
		514641CE1C09A8C6007C755C /* watchTest WatchKit App */ = {
			isa = PBXGroup;
			children = (
				514641CF1C09A8C6007C755C /* Interface.storyboard */,
				514641D21C09A8C6007C755C /* Assets.xcassets */,
				514641D41C09A8C6007C755C /* Info.plist */,
			);
			path = "watchTest WatchKit App";
			sourceTree = "<group>";
		};
		514641DD1C09A8C6007C755C /* watchTest WatchKit Extension */ = {
			isa = PBXGroup;
			children = (
				514641DE1C09A8C6007C755C /* InterfaceController.swift */,
				514641E01C09A8C6007C755C /* ExtensionDelegate.swift */,
				514641E21C09A8C6007C755C /* Assets.xcassets */,
				514641E41C09A8C6007C755C /* Info.plist */,
			);
			path = "watchTest WatchKit Extension";
			sourceTree = "<group>";
		};
/* End PBXGroup section */

/* Begin PBXNativeTarget section */
		514641B71C09A8C5007C755C /* watchTest */ = {
			isa = PBXNativeTarget;
			buildConfigurationList = 514641EF1C09A8C6007C755C /* Build configuration list for PBXNativeTarget "watchTest" */;
			buildPhases = (
				514641B41C09A8C5007C755C /* Sources */,
				514641B51C09A8C5007C755C /* Frameworks */,
				514641B61C09A8C5007C755C /* Resources */,
				514641EE1C09A8C6007C755C /* Embed Watch Content */,
			);
			buildRules = (
			);
			dependencies = (
				514641CD1C09A8C6007C755C /* PBXTargetDependency */,
			);
			name = watchTest;
			productName = watchTest;
			productReference = 514641B81C09A8C6007C755C /* watchTest.app */;
			productType = "com.apple.product-type.application";
		};
		514641C91C09A8C6007C755C /* watchTest WatchKit App */ = {
			isa = PBXNativeTarget;
			buildConfigurationList = 514641EB1C09A8C6007C755C /* Build configuration list for PBXNativeTarget "watchTest WatchKit App" */;
			buildPhases = (
				514641C81C09A8C6007C755C /* Resources */,
				514641EA1C09A8C6007C755C /* Embed App Extensions */,
			);
			buildRules = (
			);
			dependencies = (
				514641DC1C09A8C6007C755C /* PBXTargetDependency */,
			);
			name = "watchTest WatchKit App";
			productName = "watchTest WatchKit App";
			productReference = 514641CA1C09A8C6007C755C /* watchTest WatchKit App.app */;
			productType = "com.apple.product-type.application.watchapp2";
		};
		514641D81C09A8C6007C755C /* watchTest WatchKit Extension */ = {
			isa = PBXNativeTarget;
			buildConfigurationList = 514641E71C09A8C6007C755C /* Build configuration list for PBXNativeTarget "watchTest WatchKit Extension" */;
			buildPhases = (
				514641D51C09A8C6007C755C /* Sources */,
				514641D61C09A8C6007C755C /* Frameworks */,
				514641D71C09A8C6007C755C /* Resources */,
			);
			buildRules = (
			);
			dependencies = (
			);
			name = "watchTest WatchKit Extension";
			productName = "watchTest WatchKit Extension";
			productReference = 514641D91C09A8C6007C755C /* watchTest WatchKit Extension.appex */;
			productType = "com.apple.product-type.watchkit2-extension";
		};
/* End PBXNativeTarget section */

/* Begin PBXProject section */
		514641B01C09A8C5007C755C /* Project object */ = {
			isa = PBXProject;
			attributes = {
				LastSwiftUpdateCheck = 0700;
				LastUpgradeCheck = 0700;
				ORGANIZATIONNAME = framgia;
				TargetAttributes = {
					514641B71C09A8C5007C755C = {
						CreatedOnToolsVersion = 7.0;
					};
					514641C91C09A8C6007C755C = {
						CreatedOnToolsVersion = 7.0;
					};
					514641D81C09A8C6007C755C = {
						CreatedOnToolsVersion = 7.0;
					};
				};
			};
			buildConfigurationList = 514641B31C09A8C5007C755C /* Build configuration list for PBXProject "watchTest" */;
			compatibilityVersion = "Xcode 3.2";
			developmentRegion = English;
			hasScannedForEncodings = 0;
			knownRegions = (
				en,
				Base,
			);
			mainGroup = 514641AF1C09A8C5007C755C;
			productRefGroup = 514641B91C09A8C6007C755C /* Products */;
			projectDirPath = "";
			projectRoot = "";
			targets = (
				514641B71C09A8C5007C755C /* watchTest */,
				514641C91C09A8C6007C755C /* watchTest WatchKit App */,
				514641D81C09A8C6007C755C /* watchTest WatchKit Extension */,
			);
		};
/* End PBXProject section */

/* Begin PBXResourcesBuildPhase section */
		514641B61C09A8C5007C755C /* Resources */ = {
			isa = PBXResourcesBuildPhase;
			buildActionMask = 2147483647;
			files = (
				514641C61C09A8C6007C755C /* LaunchScreen.storyboard in Resources */,
				514641C31C09A8C6007C755C /* Assets.xcassets in Resources */,
				514641C11C09A8C6007C755C /* Main.storyboard in Resources */,
			);
			runOnlyForDeploymentPostprocessing = 0;
		};
		514641C81C09A8C6007C755C /* Resources */ = {
			isa = PBXResourcesBuildPhase;
			buildActionMask = 2147483647;
			files = (
				514641D31C09A8C6007C755C /* Assets.xcassets in Resources */,
				514641D11C09A8C6007C755C /* Interface.storyboard in Resources */,
			);
			runOnlyForDeploymentPostprocessing = 0;
		};
		514641D71C09A8C6007C755C /* Resources */ = {
			isa = PBXResourcesBuildPhase;
			buildActionMask = 2147483647;
			files = (
				514641E31C09A8C6007C755C /* Assets.xcassets in Resources */,
			);
			runOnlyForDeploymentPostprocessing = 0;
		};
/* End PBXResourcesBuildPhase section */

/* Begin PBXSourcesBuildPhase section */
		514641B41C09A8C5007C755C /* Sources */ = {
			isa = PBXSourcesBuildPhase;
			buildActionMask = 2147483647;
			files = (
				514641BE1C09A8C6007C755C /* ViewController.swift in Sources */,
				514641BC1C09A8C6007C755C /* AppDelegate.swift in Sources */,
			);
			runOnlyForDeploymentPostprocessing = 0;
		};
		514641D51C09A8C6007C755C /* Sources */ = {
			isa = PBXSourcesBuildPhase;
			buildActionMask = 2147483647;
			files = (
				514641E11C09A8C6007C755C /* ExtensionDelegate.swift in Sources */,
				514641DF1C09A8C6007C755C /* InterfaceController.swift in Sources */,
			);
			runOnlyForDeploymentPostprocessing = 0;
		};
/* End PBXSourcesBuildPhase section */

/* Begin PBXTargetDependency section */
		514641CD1C09A8C6007C755C /* PBXTargetDependency */ = {
			isa = PBXTargetDependency;
			target = 514641C91C09A8C6007C755C /* watchTest WatchKit App */;
			targetProxy = 514641CC1C09A8C6007C755C /* PBXContainerItemProxy */;
		};
		514641DC1C09A8C6007C755C /* PBXTargetDependency */ = {
			isa = PBXTargetDependency;
			target = 514641D81C09A8C6007C755C /* watchTest WatchKit Extension */;
			targetProxy = 514641DB1C09A8C6007C755C /* PBXContainerItemProxy */;
		};
/* End PBXTargetDependency section */

/* Begin PBXVariantGroup section */
		514641BF1C09A8C6007C755C /* Main.storyboard */ = {
			isa = PBXVariantGroup;
			children = (
				514641C01C09A8C6007C755C /* Base */,
			);
			name = Main.storyboard;
			sourceTree = "<group>";
		};
		514641C41C09A8C6007C755C /* LaunchScreen.storyboard */ = {
			isa = PBXVariantGroup;
			children = (
				514641C51C09A8C6007C755C /* Base */,
			);
			name = LaunchScreen.storyboard;
			sourceTree = "<group>";
		};
		514641CF1C09A8C6007C755C /* Interface.storyboard */ = {
			isa = PBXVariantGroup;
			children = (
				514641D01C09A8C6007C755C /* Base */,
			);
			name = Interface.storyboard;
			sourceTree = "<group>";
		};
/* End PBXVariantGroup section */

/* Begin XCBuildConfiguration section */
		514641E51C09A8C6007C755C /* Debug */ = {
			isa = XCBuildConfiguration;
			buildSettings = {
				ALWAYS_SEARCH_USER_PATHS = NO;
				CLANG_CXX_LANGUAGE_STANDARD = "gnu++0x";
				CLANG_CXX_LIBRARY = "libc++";
				CLANG_ENABLE_MODULES = YES;
				CLANG_ENABLE_OBJC_ARC = YES;
				CLANG_WARN_BOOL_CONVERSION = YES;
				CLANG_WARN_CONSTANT_CONVERSION = YES;
				CLANG_WARN_DIRECT_OBJC_ISA_USAGE = YES_ERROR;
				CLANG_WARN_EMPTY_BODY = YES;
				CLANG_WARN_ENUM_CONVERSION = YES;
				CLANG_WARN_INT_CONVERSION = YES;
				CLANG_WARN_OBJC_ROOT_CLASS = YES_ERROR;
				CLANG_WARN_UNREACHABLE_CODE = YES;
				CLANG_WARN__DUPLICATE_METHOD_MATCH = YES;
				"CODE_SIGN_IDENTITY[sdk=iphoneos*]" = "iPhone Developer";
				COPY_PHASE_STRIP = NO;
				DEBUG_INFORMATION_FORMAT = dwarf;
				ENABLE_STRICT_OBJC_MSGSEND = YES;
				ENABLE_TESTABILITY = YES;
				GCC_C_LANGUAGE_STANDARD = gnu99;
				GCC_DYNAMIC_NO_PIC = NO;
				GCC_NO_COMMON_BLOCKS = YES;
				GCC_OPTIMIZATION_LEVEL = 0;
				GCC_PREPROCESSOR_DEFINITIONS = (
					"DEBUG=1",
					"$(inherited)",
				);
				GCC_WARN_64_TO_32_BIT_CONVERSION = YES;
				GCC_WARN_ABOUT_RETURN_TYPE = YES_ERROR;
				GCC_WARN_UNDECLARED_SELECTOR = YES;
				GCC_WARN_UNINITIALIZED_AUTOS = YES_AGGRESSIVE;
				GCC_WARN_UNUSED_FUNCTION = YES;
				GCC_WARN_UNUSED_VARIABLE = YES;
				IPHONEOS_DEPLOYMENT_TARGET = 9.0;
				MTL_ENABLE_DEBUG_INFO = YES;
				ONLY_ACTIVE_ARCH = YES;
				SDKROOT = iphoneos;
				SWIFT_OPTIMIZATION_LEVEL = "-Onone";
				TARGETED_DEVICE_FAMILY = "1,2";
			};
			name = Debug;
		};
		514641E61C09A8C6007C755C /* Release */ = {
			isa = XCBuildConfiguration;
			buildSettings = {
				ALWAYS_SEARCH_USER_PATHS = NO;
				CLANG_CXX_LANGUAGE_STANDARD = "gnu++0x";
				CLANG_CXX_LIBRARY = "libc++";
				CLANG_ENABLE_MODULES = YES;
				CLANG_ENABLE_OBJC_ARC = YES;
				CLANG_WARN_BOOL_CONVERSION = YES;
				CLANG_WARN_CONSTANT_CONVERSION = YES;
				CLANG_WARN_DIRECT_OBJC_ISA_USAGE = YES_ERROR;
				CLANG_WARN_EMPTY_BODY = YES;
				CLANG_WARN_ENUM_CONVERSION = YES;
				CLANG_WARN_INT_CONVERSION = YES;
				CLANG_WARN_OBJC_ROOT_CLASS = YES_ERROR;
				CLANG_WARN_UNREACHABLE_CODE = YES;
				CLANG_WARN__DUPLICATE_METHOD_MATCH = YES;
				"CODE_SIGN_IDENTITY[sdk=iphoneos*]" = "iPhone Developer";
				COPY_PHASE_STRIP = NO;
				DEBUG_INFORMATION_FORMAT = "dwarf-with-dsym";
				ENABLE_NS_ASSERTIONS = NO;
				ENABLE_STRICT_OBJC_MSGSEND = YES;
				GCC_C_LANGUAGE_STANDARD = gnu99;
				GCC_NO_COMMON_BLOCKS = YES;
				GCC_WARN_64_TO_32_BIT_CONVERSION = YES;
				GCC_WARN_ABOUT_RETURN_TYPE = YES_ERROR;
				GCC_WARN_UNDECLARED_SELECTOR = YES;
				GCC_WARN_UNINITIALIZED_AUTOS = YES_AGGRESSIVE;
				GCC_WARN_UNUSED_FUNCTION = YES;
				GCC_WARN_UNUSED_VARIABLE = YES;
				IPHONEOS_DEPLOYMENT_TARGET = 9.0;
				MTL_ENABLE_DEBUG_INFO = NO;
				SDKROOT = iphoneos;
				TARGETED_DEVICE_FAMILY = "1,2";
				VALIDATE_PRODUCT = YES;
			};
			name = Release;
		};
		514641E81C09A8C6007C755C /* Debug */ = {
			isa = XCBuildConfiguration;
			buildSettings = {
				INFOPLIST_FILE = "watchTest WatchKit Extension/Info.plist";
				LD_RUNPATH_SEARCH_PATHS = "$(inherited) @executable_path/Frameworks @executable_path/../../Frameworks";
				PRODUCT_BUNDLE_IDENTIFIER = test.watchTest.watchkitapp.watchkitextension;
				PRODUCT_NAME = "${TARGET_NAME}";
				SDKROOT = watchos;
				SKIP_INSTALL = YES;
				TARGETED_DEVICE_FAMILY = 4;
				WATCHOS_DEPLOYMENT_TARGET = 2.0;
			};
			name = Debug;
		};
		514641E91C09A8C6007C755C /* Release */ = {
			isa = XCBuildConfiguration;
			buildSettings = {
				INFOPLIST_FILE = "watchTest WatchKit Extension/Info.plist";
				LD_RUNPATH_SEARCH_PATHS = "$(inherited) @executable_path/Frameworks @executable_path/../../Frameworks";
				PRODUCT_BUNDLE_IDENTIFIER = test.watchTest.watchkitapp.watchkitextension;
				PRODUCT_NAME = "${TARGET_NAME}";
				SDKROOT = watchos;
				SKIP_INSTALL = YES;
				TARGETED_DEVICE_FAMILY = 4;
				WATCHOS_DEPLOYMENT_TARGET = 2.0;
			};
			name = Release;
		};
		514641EC1C09A8C6007C755C /* Debug */ = {
			isa = XCBuildConfiguration;
			buildSettings = {
				ASSETCATALOG_COMPILER_APPICON_NAME = AppIcon;
				CLANG_ENABLE_MODULES = YES;
				EMBEDDED_CONTENT_CONTAINS_SWIFT = YES;
				IBSC_MODULE = watchTest_WatchKit_Extension;
				INFOPLIST_FILE = "watchTest WatchKit App/Info.plist";
				LD_RUNPATH_SEARCH_PATHS = "$(inherited) @executable_path/../Frameworks @loader_path/../Frameworks";
				PRODUCT_BUNDLE_IDENTIFIER = test.watchTest.watchkitapp;
				PRODUCT_NAME = "$(TARGET_NAME)";
				SDKROOT = watchos;
				SKIP_INSTALL = YES;
				SWIFT_OBJC_BRIDGING_HEADER = "watchTest/watchTest WatchKit App-Bridging-Header.h";
				SWIFT_OPTIMIZATION_LEVEL = "-Onone";
				TARGETED_DEVICE_FAMILY = 4;
				WATCHOS_DEPLOYMENT_TARGET = 2.0;
			};
			name = Debug;
		};
		514641ED1C09A8C6007C755C /* Release */ = {
			isa = XCBuildConfiguration;
			buildSettings = {
				ASSETCATALOG_COMPILER_APPICON_NAME = AppIcon;
				CLANG_ENABLE_MODULES = YES;
				EMBEDDED_CONTENT_CONTAINS_SWIFT = YES;
				IBSC_MODULE = watchTest_WatchKit_Extension;
				INFOPLIST_FILE = "watchTest WatchKit App/Info.plist";
				LD_RUNPATH_SEARCH_PATHS = "$(inherited) @executable_path/../Frameworks @loader_path/../Frameworks";
				PRODUCT_BUNDLE_IDENTIFIER = test.watchTest.watchkitapp;
				PRODUCT_NAME = "$(TARGET_NAME)";
				SDKROOT = watchos;
				SKIP_INSTALL = YES;
				SWIFT_OBJC_BRIDGING_HEADER = "watchTest/watchTest WatchKit App-Bridging-Header.h";
				TARGETED_DEVICE_FAMILY = 4;
				WATCHOS_DEPLOYMENT_TARGET = 2.0;
			};
			name = Release;
		};
		514641F01C09A8C6007C755C /* Debug */ = {
			isa = XCBuildConfiguration;
			buildSettings = {
				ASSETCATALOG_COMPILER_APPICON_NAME = AppIcon;
				INFOPLIST_FILE = watchTest/Info.plist;
				LD_RUNPATH_SEARCH_PATHS = "$(inherited) @executable_path/Frameworks";
				PRODUCT_BUNDLE_IDENTIFIER = test.watchTest;
				PRODUCT_NAME = "$(TARGET_NAME)";
			};
			name = Debug;
		};
		514641F11C09A8C6007C755C /* Release */ = {
			isa = XCBuildConfiguration;
			buildSettings = {
				ASSETCATALOG_COMPILER_APPICON_NAME = AppIcon;
				INFOPLIST_FILE = watchTest/Info.plist;
				LD_RUNPATH_SEARCH_PATHS = "$(inherited) @executable_path/Frameworks";
				PRODUCT_BUNDLE_IDENTIFIER = test.watchTest;
				PRODUCT_NAME = "$(TARGET_NAME)";
			};
			name = Release;
		};
/* End XCBuildConfiguration section */

/* Begin XCConfigurationList section */
		514641B31C09A8C5007C755C /* Build configuration list for PBXProject "watchTest" */ = {
			isa = XCConfigurationList;
			buildConfigurations = (
				514641E51C09A8C6007C755C /* Debug */,
				514641E61C09A8C6007C755C /* Release */,
			);
			defaultConfigurationIsVisible = 0;
			defaultConfigurationName = Release;
		};
		514641E71C09A8C6007C755C /* Build configuration list for PBXNativeTarget "watchTest WatchKit Extension" */ = {
			isa = XCConfigurationList;
			buildConfigurations = (
				514641E81C09A8C6007C755C /* Debug */,
				514641E91C09A8C6007C755C /* Release */,
			);
			defaultConfigurationIsVisible = 0;
		};
		514641EB1C09A8C6007C755C /* Build configuration list for PBXNativeTarget "watchTest WatchKit App" */ = {
			isa = XCConfigurationList;
			buildConfigurations = (
				514641EC1C09A8C6007C755C /* Debug */,
				514641ED1C09A8C6007C755C /* Release */,
			);
			defaultConfigurationIsVisible = 0;
		};
		514641EF1C09A8C6007C755C /* Build configuration list for PBXNativeTarget "watchTest" */ = {
			isa = XCConfigurationList;
			buildConfigurations = (
				514641F01C09A8C6007C755C /* Debug */,
				514641F11C09A8C6007C755C /* Release */,
			);
			defaultConfigurationIsVisible = 0;
		};
/* End XCConfigurationList section */
	};
	rootObject = 514641B01C09A8C5007C755C /* Project object */;
}
